
Microsoft Visual Studio Solution File, Format Version 12.00
# Visual Studio Version 16
VisualStudioVersion = 16.0.29209.62
MinimumVisualStudioVersion = 10.0.40219.1
Project("{FAE04EC0-301F-11D3-BF4B-00C04F79EFBC}") = "BBC_GameOfLife", "BBC_GameOfLife.csproj", "{50BB3EB5-45CC-40DA-BA05-60682057DAB8}"
EndProject
Global
	GlobalSection(SolutionConfigurationPlatforms) = preSolution
		Debug|Any CPU = Debug|Any CPU
		Release|Any CPU = Release|Any CPU
	EndGlobalSection
	GlobalSection(ProjectConfigurationPlatforms) = postSolution
		{50BB3EB5-45CC-40DA-BA05-60682057DAB8}.Debug|Any CPU.ActiveCfg = Debug|Any CPU
		{50BB3EB5-45CC-40DA-BA05-60682057DAB8}.Debug|Any CPU.Build.0 = Debug|Any CPU
		{50BB3EB5-45CC-40DA-BA05-60682057DAB8}.Release|Any CPU.ActiveCfg = Release|Any CPU
		{50BB3EB5-45CC-40DA-BA05-60682057DAB8}.Release|Any CPU.Build.0 = Release|Any CPU
	EndGlobalSection
	GlobalSection(SolutionProperties) = preSolution
		HideSolutionNode = FALSE
	EndGlobalSection
	GlobalSection(ExtensibilityGlobals) = postSolution
		SolutionGuid = {27131A4B-00FB-4043-A635-E5AC32C4BF79}
	EndGlobalSection
EndGlobal
